<?xml version="1.0" encoding="UTF-8"?>
<CodeBlocks_project_file>
	<FileVersion major="1" minor="6"/>
	<Project>
		<Option title="sfmltest"/>
		<Option makefile_is_custom="1"/>
		<Option compiler="gcc"/>
		<Option virtualFolders="CMake Files\;CMake Files\cmake\;"/>
		<Build>
			<Target title="all">
				<Option working_dir="/home/cwan/projects/sfml-example"/>
				<Option type="4"/>
				<MakeCommands>
					<Build command="/usr/bin/make -f &quot;/home/cwan/projects/sfml-example/Makefile&quot;  VERBOSE=1 all"/>
					<CompileFile command="/usr/bin/make -f &quot;/home/cwan/projects/sfml-example/Makefile&quot;  VERBOSE=1 &quot;$file&quot;"/>
					<Clean command="/usr/bin/make -f &quot;/home/cwan/projects/sfml-example/Makefile&quot;  VERBOSE=1 clean"/>
					<DistClean command="/usr/bin/make -f &quot;/home/cwan/projects/sfml-example/Makefile&quot;  VERBOSE=1 clean"/>
				</MakeCommands>
			</Target>
			<Target title="rebuild_cache">
				<Option working_dir="/home/cwan/projects/sfml-example"/>
				<Option type="4"/>
				<MakeCommands>
					<Build command="/usr/bin/make -f &quot;/home/cwan/projects/sfml-example/Makefile&quot;  VERBOSE=1 rebuild_cache"/>
					<CompileFile command="/usr/bin/make -f &quot;/home/cwan/projects/sfml-example/Makefile&quot;  VERBOSE=1 &quot;$file&quot;"/>
					<Clean command="/usr/bin/make -f &quot;/home/cwan/projects/sfml-example/Makefile&quot;  VERBOSE=1 clean"/>
					<DistClean command="/usr/bin/make -f &quot;/home/cwan/projects/sfml-example/Makefile&quot;  VERBOSE=1 clean"/>
				</MakeCommands>
			</Target>
			<Target title="edit_cache">
				<Option working_dir="/home/cwan/projects/sfml-example"/>
				<Option type="4"/>
				<MakeCommands>
					<Build command="/usr/bin/make -f &quot;/home/cwan/projects/sfml-example/Makefile&quot;  VERBOSE=1 edit_cache"/>
					<CompileFile command="/usr/bin/make -f &quot;/home/cwan/projects/sfml-example/Makefile&quot;  VERBOSE=1 &quot;$file&quot;"/>
					<Clean command="/usr/bin/make -f &quot;/home/cwan/projects/sfml-example/Makefile&quot;  VERBOSE=1 clean"/>
					<DistClean command="/usr/bin/make -f &quot;/home/cwan/projects/sfml-example/Makefile&quot;  VERBOSE=1 clean"/>
				</MakeCommands>
			</Target>
			<Target title="sfmltest">
				<Option output="/home/cwan/projects/sfml-example/sfmltest" prefix_auto="0" extension_auto="0"/>
				<Option working_dir="/home/cwan/projects/sfml-example"/>
				<Option object_output="./"/>
				<Option type="1"/>
				<Option compiler="gcc"/>
				<Compiler>
					<Add directory="/usr/local/include"/>
					<Add directory="/home/cwan/projects/sfml-example/lib/FastNoise"/>
					<Add directory="/home/cwan/projects/sfml-example/src"/>
				</Compiler>
				<MakeCommands>
					<Build command="/usr/bin/make -f &quot;/home/cwan/projects/sfml-example/Makefile&quot;  VERBOSE=1 sfmltest"/>
					<CompileFile command="/usr/bin/make -f &quot;/home/cwan/projects/sfml-example/Makefile&quot;  VERBOSE=1 &quot;$file&quot;"/>
					<Clean command="/usr/bin/make -f &quot;/home/cwan/projects/sfml-example/Makefile&quot;  VERBOSE=1 clean"/>
					<DistClean command="/usr/bin/make -f &quot;/home/cwan/projects/sfml-example/Makefile&quot;  VERBOSE=1 clean"/>
				</MakeCommands>
			</Target>
			<Target title="sfmltest/fast">
				<Option output="/home/cwan/projects/sfml-example/sfmltest" prefix_auto="0" extension_auto="0"/>
				<Option working_dir="/home/cwan/projects/sfml-example"/>
				<Option object_output="./"/>
				<Option type="1"/>
				<Option compiler="gcc"/>
				<Compiler>
					<Add directory="/usr/local/include"/>
					<Add directory="/home/cwan/projects/sfml-example/lib/FastNoise"/>
					<Add directory="/home/cwan/projects/sfml-example/src"/>
				</Compiler>
				<MakeCommands>
					<Build command="/usr/bin/make -f &quot;/home/cwan/projects/sfml-example/Makefile&quot;  VERBOSE=1 sfmltest/fast"/>
					<CompileFile command="/usr/bin/make -f &quot;/home/cwan/projects/sfml-example/Makefile&quot;  VERBOSE=1 &quot;$file&quot;"/>
					<Clean command="/usr/bin/make -f &quot;/home/cwan/projects/sfml-example/Makefile&quot;  VERBOSE=1 clean"/>
					<DistClean command="/usr/bin/make -f &quot;/home/cwan/projects/sfml-example/Makefile&quot;  VERBOSE=1 clean"/>
				</MakeCommands>
			</Target>
		</Build>
		<Unit filename="/home/cwan/projects/sfml-example/lib/FastNoise/FastNoise.cpp">
			<Option target="sfmltest"/>
		</Unit>
		<Unit filename="/home/cwan/projects/sfml-example/lib/FastNoise/FastNoise.h">
			<Option target="sfmltest"/>
		</Unit>
		<Unit filename="/home/cwan/projects/sfml-example/src/App/ColorScale/ColorScale.cpp">
			<Option target="sfmltest"/>
		</Unit>
		<Unit filename="/home/cwan/projects/sfml-example/src/App/ColorScale/ColorScale.h">
			<Option target="sfmltest"/>
		</Unit>
		<Unit filename="/home/cwan/projects/sfml-example/src/App/Game/Game.cpp">
			<Option target="sfmltest"/>
		</Unit>
		<Unit filename="/home/cwan/projects/sfml-example/src/App/Game/Game.h">
			<Option target="sfmltest"/>
		</Unit>
		<Unit filename="/home/cwan/projects/sfml-example/src/App/GameState/GameStateSimulation.cpp">
			<Option target="sfmltest"/>
		</Unit>
		<Unit filename="/home/cwan/projects/sfml-example/src/App/GameState/GameStateSimulation.h">
			<Option target="sfmltest"/>
		</Unit>
		<Unit filename="/home/cwan/projects/sfml-example/src/App/Gui/Fps.cpp">
			<Option target="sfmltest"/>
		</Unit>
		<Unit filename="/home/cwan/projects/sfml-example/src/App/Gui/Fps.h">
			<Option target="sfmltest"/>
		</Unit>
		<Unit filename="/home/cwan/projects/sfml-example/src/App/Map/Generator/HeightMapGenerator.cpp">
			<Option target="sfmltest"/>
		</Unit>
		<Unit filename="/home/cwan/projects/sfml-example/src/App/Map/Generator/HeightMapGenerator.h">
			<Option target="sfmltest"/>
		</Unit>
		<Unit filename="/home/cwan/projects/sfml-example/src/App/Map/Generator/PopulationMapGenerator.cpp">
			<Option target="sfmltest"/>
		</Unit>
		<Unit filename="/home/cwan/projects/sfml-example/src/App/Map/Generator/PopulationMapGenerator.h">
			<Option target="sfmltest"/>
		</Unit>
		<Unit filename="/home/cwan/projects/sfml-example/src/App/Map/Map.cpp">
			<Option target="sfmltest"/>
		</Unit>
		<Unit filename="/home/cwan/projects/sfml-example/src/App/Map/Map.h">
			<Option target="sfmltest"/>
		</Unit>
		<Unit filename="/home/cwan/projects/sfml-example/src/App/Map/Renderer/HeightMapRenderer.cpp">
			<Option target="sfmltest"/>
		</Unit>
		<Unit filename="/home/cwan/projects/sfml-example/src/App/Map/Renderer/HeightMapRenderer.h">
			<Option target="sfmltest"/>
		</Unit>
		<Unit filename="/home/cwan/projects/sfml-example/src/App/Map/Renderer/PopulationMapRenderer.cpp">
			<Option target="sfmltest"/>
		</Unit>
		<Unit filename="/home/cwan/projects/sfml-example/src/App/Map/Renderer/PopulationMapRenderer.h">
			<Option target="sfmltest"/>
		</Unit>
		<Unit filename="/home/cwan/projects/sfml-example/src/App/Map/Simulator/PopulationMapSimulator.cpp">
			<Option target="sfmltest"/>
		</Unit>
		<Unit filename="/home/cwan/projects/sfml-example/src/App/Map/Simulator/PopulationMapSimulator.h">
			<Option target="sfmltest"/>
		</Unit>
		<Unit filename="/home/cwan/projects/sfml-example/src/main.cpp">
			<Option target="sfmltest"/>
		</Unit>
		<Unit filename="/home/cwan/projects/sfml-example/CMakeLists.txt">
			<Option virtualFolder="CMake Files\"/>
		</Unit>
		<Unit filename="/home/cwan/projects/sfml-example/cmake/FindSFML.cmake">
			<Option virtualFolder="CMake Files\cmake\"/>
		</Unit>
	</Project>
</CodeBlocks_project_file>
